
Microsoft Visual Studio Solution File, Format Version 12.00
# Visual Studio 15
VisualStudioVersion = 15.0.28307.572
MinimumVisualStudioVersion = 10.0.40219.1
Project("{FAE04EC0-301F-11D3-BF4B-00C04F79EFBC}") = "assignment2", "assignment2\assignment2.csproj", "{408CB0B1-3148-4F89-A80F-4F04A33D67F3}"
EndProject
Global
	GlobalSection(SolutionConfigurationPlatforms) = preSolution
		Debug|Any CPU = Debug|Any CPU
		Release|Any CPU = Release|Any CPU
	EndGlobalSection
	GlobalSection(ProjectConfigurationPlatforms) = postSolution
		{408CB0B1-3148-4F89-A80F-4F04A33D67F3}.Debug|Any CPU.ActiveCfg = Debug|Any CPU
		{408CB0B1-3148-4F89-A80F-4F04A33D67F3}.Debug|Any CPU.Build.0 = Debug|Any CPU
		{408CB0B1-3148-4F89-A80F-4F04A33D67F3}.Release|Any CPU.ActiveCfg = Release|Any CPU
		{408CB0B1-3148-4F89-A80F-4F04A33D67F3}.Release|Any CPU.Build.0 = Release|Any CPU
	EndGlobalSection
	GlobalSection(SolutionProperties) = preSolution
		HideSolutionNode = FALSE
	EndGlobalSection
	GlobalSection(ExtensibilityGlobals) = postSolution
		SolutionGuid = {5E435407-EB38-422C-B895-199E2BE6E333}
	EndGlobalSection
EndGlobal
