
Microsoft Visual Studio Solution File, Format Version 12.00
# Visual Studio 15
VisualStudioVersion = 15.0.28307.572
MinimumVisualStudioVersion = 10.0.40219.1
Project("{FAE04EC0-301F-11D3-BF4B-00C04F79EFBC}") = "4350Review4", "4350Review4\4350Review4.csproj", "{0CB8C27D-899C-48D9-B7CE-1357555FE184}"
EndProject
Global
	GlobalSection(SolutionConfigurationPlatforms) = preSolution
		Debug|Any CPU = Debug|Any CPU
		Release|Any CPU = Release|Any CPU
	EndGlobalSection
	GlobalSection(ProjectConfigurationPlatforms) = postSolution
		{0CB8C27D-899C-48D9-B7CE-1357555FE184}.Debug|Any CPU.ActiveCfg = Debug|Any CPU
		{0CB8C27D-899C-48D9-B7CE-1357555FE184}.Debug|Any CPU.Build.0 = Debug|Any CPU
		{0CB8C27D-899C-48D9-B7CE-1357555FE184}.Release|Any CPU.ActiveCfg = Release|Any CPU
		{0CB8C27D-899C-48D9-B7CE-1357555FE184}.Release|Any CPU.Build.0 = Release|Any CPU
	EndGlobalSection
	GlobalSection(SolutionProperties) = preSolution
		HideSolutionNode = FALSE
	EndGlobalSection
	GlobalSection(ExtensibilityGlobals) = postSolution
		SolutionGuid = {01032D1D-41A1-47F5-82E9-1034E4BA5D02}
	EndGlobalSection
EndGlobal
